hash: 27ccd29192758ac947bb8711e19d3088786004b18c2b44ecbef604b66aa34405
updated: 2018-06-20T00:41:15.9029081-06:00
imports:
- name: github.com/avct/uasurfer
  version: c4be5581ec9617d04f5c5e02b893903ead0b1eed
- name: github.com/davecgh/go-spew
  version: 8991bc29aa16c548c550c7ff78260e27b9ab7c73
  subpackages:
  - spew
- name: github.com/eapache/go-resiliency
  version: ea41b0fad31007accc7f806884dcdf3da98b79ce
  subpackages:
  - breaker
- name: github.com/eapache/go-xerial-snappy
  version: bb955e01b9346ac19dc29eb16586c90ded99a98c
- name: github.com/eapache/queue
  version: 093482f3f8ce946c05bcba64badd2c82369e084d
- name: github.com/go-sql-driver/mysql
  version: 749ddf1598b47e3cd909414bda735fe790ef3d30
- name: github.com/golang/snappy
  version: 2e65f85255dbc3072edf28d6b5b8efc472979f5a
- name: github.com/gotk3/gotk3
  version: 80205b7ba46b599a304c62e17b6d155bda664ccc
  subpackages:
  - cairo
  - gdk
  - glib
  - gtk
  - pango
- name: github.com/jmoiron/sqlx
  version: 0dae4fefe7c0e190f7b5a78dac28a1c82cc8d849
  subpackages:
  - reflectx
- name: github.com/kelseyhightower/envconfig
  version: dd1402a4d99de9ac2f396cd6fcb957bc2c695ec1
- name: github.com/mattn/go-oci8
  version: b0e38e039e839a22d147a8415fad2f4592fdd1d7
- name: github.com/mssola/user_agent
  version: d7bd3b07ee86d981b0fb75b59ea68e09c51fa1b6
- name: github.com/pierrec/lz4
  version: 6b9367c9ff401dbc54fabce3fb8d972e799b702d
  subpackages:
  - internal/xxh32
- name: github.com/pkg/errors
  version: 816c9085562cd7ee03e7f8188a1cfd942858cded
- name: github.com/rcrowley/go-metrics
  version: e2704e165165ec55d062f5919b4b29494e9fa790
- name: github.com/Shopify/sarama
  version: 46cf3e2cf1acef7876068f66cf69ec31aad2d0b2
- name: github.com/sourcegraph/go-webkit2
  version: ade305cf91f47f5296726318090d6ad19ac676d7
  subpackages:
  - webkit2
- name: github.com/sqs/gojs
  version: 12d0b32828191c4eb85c227f00bf06492d452c43
- name: github.com/ua-parser/uap-go
  version: 3ecf81168f828e6f335fa615097569a5ad3afcdd
  subpackages:
  - uaparser
- name: github.com/veqryn/go-email
  version: 388713805b1e28295565f252ab14b53e1267b0bc
  subpackages:
  - email
- name: golang.org/x/net
  version: db08ff08e8622530d9ed3a0e8ac279f6d4c02196
  subpackages:
  - context
- name: google.golang.org/appengine
  version: b1f26356af11148e710935ed1ac8a7f5702c7612
  subpackages:
  - cloudsql
- name: gopkg.in/goracle.v2
  version: f13d53f949c0c3299c069f53a781be7d0bd7e70c
- name: gopkg.in/yaml.v2
  version: 5420a8b6744d3b0345ab293f6fcba19c978f1183
testImports:
- name: github.com/aws/aws-sdk-go
  version: 77c433284645a1658149217ccbce2cdf45c1adb0
  subpackages:
  - aws
  - aws/awserr
  - aws/credentials
  - aws/endpoints
  - internal/sdkio
  - internal/shareddefaults
- name: github.com/go-ini/ini
  version: cec2bdc49009247305a260b082a18e802d0fe292
